{
  "name": "simplayer-promise",
  "version": "0.0.2",
  "lockfileVersion": 1,
  "dependencies": {
    "bluebird": {
      "version": "3.5.0",
      "resolved": "https://registry.npmjs.org/bluebird/-/bluebird-3.5.0.tgz",
      "integrity": "sha1-eRQg1/VR7qKJdFOop3ZT+WYG1nw="
    },
    "simplayer": {
      "version": "https://registry.npmjs.org/simplayer/-/simplayer-0.0.8.tgz",
      "integrity": "sha1-8gzrIzFmrH84J0VmbSPzxIeSw8g="
    }
  }
}
